# This file is automatically @generated by Cargo.
# It is not intended for manual editing.
[[package]]
name = "byteorder"
version = "1.3.4"
source = "registry+https://github.com/rust-lang/crates.io-index"
checksum = "08c48aae112d48ed9f069b33538ea9e3e90aa263cfa3d1c24309612b1f7472de"

[[package]]
name = "embedded-graphics"
version = "0.6.1"
source = "registry+https://github.com/rust-lang/crates.io-index"
checksum = "619ef7a30b5368c6350a9edb41c628499a0a77072d1bfa949044473d23734e3c"
dependencies = [
 "byteorder",
]

[[package]]
name = "ibm437"
version = "0.1.0"
dependencies = [
 "embedded-graphics",
]
